
Microsoft Visual Studio Solution File, Format Version 12.00
# Visual Studio Version 17
VisualStudioVersion = 17.2.32519.379
MinimumVisualStudioVersion = 10.0.40219.1
Project("{FAE04EC0-301F-11D3-BF4B-00C04F79EFBC}") = "EditordeTexto", "EditordeTexto\EditordeTexto.csproj", "{11B72A3C-CA94-4943-9B31-BB09BE3A9594}"
EndProject
Global
	GlobalSection(SolutionConfigurationPlatforms) = preSolution
		Debug|Any CPU = Debug|Any CPU
		Release|Any CPU = Release|Any CPU
	EndGlobalSection
	GlobalSection(ProjectConfigurationPlatforms) = postSolution
		{11B72A3C-CA94-4943-9B31-BB09BE3A9594}.Debug|Any CPU.ActiveCfg = Debug|Any CPU
		{11B72A3C-CA94-4943-9B31-BB09BE3A9594}.Debug|Any CPU.Build.0 = Debug|Any CPU
		{11B72A3C-CA94-4943-9B31-BB09BE3A9594}.Release|Any CPU.ActiveCfg = Release|Any CPU
		{11B72A3C-CA94-4943-9B31-BB09BE3A9594}.Release|Any CPU.Build.0 = Release|Any CPU
	EndGlobalSection
	GlobalSection(SolutionProperties) = preSolution
		HideSolutionNode = FALSE
	EndGlobalSection
	GlobalSection(ExtensibilityGlobals) = postSolution
		SolutionGuid = {5BE31559-F7BE-42CF-B1EE-267E1E3B8A49}
	EndGlobalSection
EndGlobal
